
Microsoft Visual Studio Solution File, Format Version 12.00
# Visual Studio 15
VisualStudioVersion = 15.0.28010.2048
MinimumVisualStudioVersion = 10.0.40219.1
Project("{FAE04EC0-301F-11D3-BF4B-00C04F79EFBC}") = "SmashBrosWebApp", "SmashBrosWebApp\SmashBrosWebApp.csproj", "{32A1F83D-2EB7-4C7E-B41F-70E27601CA93}"
EndProject
Global
	GlobalSection(SolutionConfigurationPlatforms) = preSolution
		Debug|Any CPU = Debug|Any CPU
		Release|Any CPU = Release|Any CPU
	EndGlobalSection
	GlobalSection(ProjectConfigurationPlatforms) = postSolution
		{32A1F83D-2EB7-4C7E-B41F-70E27601CA93}.Debug|Any CPU.ActiveCfg = Debug|Any CPU
		{32A1F83D-2EB7-4C7E-B41F-70E27601CA93}.Debug|Any CPU.Build.0 = Debug|Any CPU
		{32A1F83D-2EB7-4C7E-B41F-70E27601CA93}.Release|Any CPU.ActiveCfg = Release|Any CPU
		{32A1F83D-2EB7-4C7E-B41F-70E27601CA93}.Release|Any CPU.Build.0 = Release|Any CPU
	EndGlobalSection
	GlobalSection(SolutionProperties) = preSolution
		HideSolutionNode = FALSE
	EndGlobalSection
	GlobalSection(ExtensibilityGlobals) = postSolution
		SolutionGuid = {ECBF1CC6-C890-4399-B98E-1C2CE3D8F66A}
	EndGlobalSection
EndGlobal
